
Microsoft Visual Studio Solution File, Format Version 12.00
# Visual Studio Version 17
VisualStudioVersion = 17.0.31903.59
MinimumVisualStudioVersion = 10.0.40219.1
Project("{FAE04EC0-301F-11D3-BF4B-00C04F79EFBC}") = "GoBlog.Core", "GoBlog.Core\GoBlog.Core.csproj", "{186FCD3D-55F0-49DE-AF55-C36F7BC912D2}"
EndProject
Project("{FAE04EC0-301F-11D3-BF4B-00C04F79EFBC}") = "GoBlog.Data", "GoBlog.Data\GoBlog.Data.csproj", "{FEDDACDD-6A2C-48F1-92E7-B5EEB2E07543}"
EndProject
Project("{FAE04EC0-301F-11D3-BF4B-00C04F79EFBC}") = "GoBlog.Services", "GoBlog.Services\GoBlog.Services.csproj", "{75598C9B-5BBE-4FF7-92FD-8131E6FCCF3C}"
EndProject
Global
	GlobalSection(SolutionConfigurationPlatforms) = preSolution
		Debug|Any CPU = Debug|Any CPU
		Release|Any CPU = Release|Any CPU
	EndGlobalSection
	GlobalSection(SolutionProperties) = preSolution
		HideSolutionNode = FALSE
	EndGlobalSection
	GlobalSection(ProjectConfigurationPlatforms) = postSolution
		{186FCD3D-55F0-49DE-AF55-C36F7BC912D2}.Debug|Any CPU.ActiveCfg = Debug|Any CPU
		{186FCD3D-55F0-49DE-AF55-C36F7BC912D2}.Debug|Any CPU.Build.0 = Debug|Any CPU
		{186FCD3D-55F0-49DE-AF55-C36F7BC912D2}.Release|Any CPU.ActiveCfg = Release|Any CPU
		{186FCD3D-55F0-49DE-AF55-C36F7BC912D2}.Release|Any CPU.Build.0 = Release|Any CPU
		{FEDDACDD-6A2C-48F1-92E7-B5EEB2E07543}.Debug|Any CPU.ActiveCfg = Debug|Any CPU
		{FEDDACDD-6A2C-48F1-92E7-B5EEB2E07543}.Debug|Any CPU.Build.0 = Debug|Any CPU
		{FEDDACDD-6A2C-48F1-92E7-B5EEB2E07543}.Release|Any CPU.ActiveCfg = Release|Any CPU
		{FEDDACDD-6A2C-48F1-92E7-B5EEB2E07543}.Release|Any CPU.Build.0 = Release|Any CPU
		{75598C9B-5BBE-4FF7-92FD-8131E6FCCF3C}.Debug|Any CPU.ActiveCfg = Debug|Any CPU
		{75598C9B-5BBE-4FF7-92FD-8131E6FCCF3C}.Debug|Any CPU.Build.0 = Debug|Any CPU
		{75598C9B-5BBE-4FF7-92FD-8131E6FCCF3C}.Release|Any CPU.ActiveCfg = Release|Any CPU
		{75598C9B-5BBE-4FF7-92FD-8131E6FCCF3C}.Release|Any CPU.Build.0 = Release|Any CPU
	EndGlobalSection
EndGlobal
