
Microsoft Visual Studio Solution File, Format Version 12.00
# Visual Studio Version 17
VisualStudioVersion = 17.4.33213.308
MinimumVisualStudioVersion = 10.0.40219.1
Project("{9A19103F-16F7-4668-BE54-9A1E7A4F7556}") = "Backender.Generator", "Backender.Generator\Backender.Generator.csproj", "{DE7D0F47-900C-479B-8457-B5156511EE81}"
EndProject
Project("{9A19103F-16F7-4668-BE54-9A1E7A4F7556}") = "Backender.Cli", "Backender.Cli\Backender.Cli.csproj", "{2D40CC50-74D6-4C01-9915-6CAF4C80C247}"
EndProject
Project("{9A19103F-16F7-4668-BE54-9A1E7A4F7556}") = "Backender.Translator", "Backender.Translator\Backender.Translator.csproj", "{8B29CC24-DCAB-461C-8DA1-369421924B22}"
EndProject
Global
	GlobalSection(SolutionConfigurationPlatforms) = preSolution
		Debug|Any CPU = Debug|Any CPU
		Release|Any CPU = Release|Any CPU
	EndGlobalSection
	GlobalSection(ProjectConfigurationPlatforms) = postSolution
		{DE7D0F47-900C-479B-8457-B5156511EE81}.Debug|Any CPU.ActiveCfg = Debug|Any CPU
		{DE7D0F47-900C-479B-8457-B5156511EE81}.Debug|Any CPU.Build.0 = Debug|Any CPU
		{DE7D0F47-900C-479B-8457-B5156511EE81}.Release|Any CPU.ActiveCfg = Release|Any CPU
		{DE7D0F47-900C-479B-8457-B5156511EE81}.Release|Any CPU.Build.0 = Release|Any CPU
		{2D40CC50-74D6-4C01-9915-6CAF4C80C247}.Debug|Any CPU.ActiveCfg = Debug|Any CPU
		{2D40CC50-74D6-4C01-9915-6CAF4C80C247}.Debug|Any CPU.Build.0 = Debug|Any CPU
		{2D40CC50-74D6-4C01-9915-6CAF4C80C247}.Release|Any CPU.ActiveCfg = Release|Any CPU
		{2D40CC50-74D6-4C01-9915-6CAF4C80C247}.Release|Any CPU.Build.0 = Release|Any CPU
		{8B29CC24-DCAB-461C-8DA1-369421924B22}.Debug|Any CPU.ActiveCfg = Debug|Any CPU
		{8B29CC24-DCAB-461C-8DA1-369421924B22}.Debug|Any CPU.Build.0 = Debug|Any CPU
		{8B29CC24-DCAB-461C-8DA1-369421924B22}.Release|Any CPU.ActiveCfg = Release|Any CPU
		{8B29CC24-DCAB-461C-8DA1-369421924B22}.Release|Any CPU.Build.0 = Release|Any CPU
	EndGlobalSection
	GlobalSection(SolutionProperties) = preSolution
		HideSolutionNode = FALSE
	EndGlobalSection
	GlobalSection(ExtensibilityGlobals) = postSolution
		SolutionGuid = {223D4F7F-AE5E-4E47-83A1-354D395796D9}
	EndGlobalSection
EndGlobal
